
Microsoft Visual Studio Solution File, Format Version 12.00
# Visual Studio Version 17
VisualStudioVersion = 17.4.33403.182
MinimumVisualStudioVersion = 10.0.40219.1
Project("{8BC9CEB8-8B4A-11D0-8D11-00A0C91BC942}") = "CudaOglTry1", "CudaOglTry1\CudaOglTry1.vcxproj", "{6DFBDCAE-456C-4915-AC73-A52845579921}"
EndProject
Global
	GlobalSection(SolutionConfigurationPlatforms) = preSolution
		Debug|x64 = Debug|x64
		Release|x64 = Release|x64
	EndGlobalSection
	GlobalSection(ProjectConfigurationPlatforms) = postSolution
		{6DFBDCAE-456C-4915-AC73-A52845579921}.Debug|x64.ActiveCfg = Debug|x64
		{6DFBDCAE-456C-4915-AC73-A52845579921}.Debug|x64.Build.0 = Debug|x64
		{6DFBDCAE-456C-4915-AC73-A52845579921}.Release|x64.ActiveCfg = Release|x64
		{6DFBDCAE-456C-4915-AC73-A52845579921}.Release|x64.Build.0 = Release|x64
	EndGlobalSection
	GlobalSection(SolutionProperties) = preSolution
		HideSolutionNode = FALSE
	EndGlobalSection
	GlobalSection(ExtensibilityGlobals) = postSolution
		SolutionGuid = {98D778DF-63B3-4C37-9E21-CA695D3EFEDF}
	EndGlobalSection
EndGlobal
